// !$*UTF8*$!
{
	archiveVersion = 1;
	classes = {
	};
	objectVersion = 46;
	objects = {

/* Begin PBXBuildFile section */
		3FD512481E6FAB0600B2F6A9 /* AppDelegate.swift in Sources */ = {isa = PBXBuildFile; fileRef = 3FD512471E6FAB0600B2F6A9 /* AppDelegate.swift */; };
		3FD5124A1E6FAB0600B2F6A9 /* ViewController.swift in Sources */ = {isa = PBXBuildFile; fileRef = 3FD512491E6FAB0600B2F6A9 /* ViewController.swift */; };
		3FD5124D1E6FAB0600B2F6A9 /* Main.storyboard in Resources */ = {isa = PBXBuildFile; fileRef = 3FD5124B1E6FAB0600B2F6A9 /* Main.storyboard */; };
		3FD5124F1E6FAB0600B2F6A9 /* Assets.xcassets in Resources */ = {isa = PBXBuildFile; fileRef = 3FD5124E1E6FAB0600B2F6A9 /* Assets.xcassets */; };
		3FD512521E6FAB0600B2F6A9 /* LaunchScreen.storyboard in Resources */ = {isa = PBXBuildFile; fileRef = 3FD512501E6FAB0600B2F6A9 /* LaunchScreen.storyboard */; };
		3FD5125D1E6FAB0600B2F6A9 /* FoodTrackerTests.swift in Sources */ = {isa = PBXBuildFile; fileRef = 3FD5125C1E6FAB0600B2F6A9 /* FoodTrackerTests.swift */; };
		3FD512681E6FAB0600B2F6A9 /* FoodTrackerUITests.swift in Sources */ = {isa = PBXBuildFile; fileRef = 3FD512671E6FAB0600B2F6A9 /* FoodTrackerUITests.swift */; };
/* End PBXBuildFile section */

/* Begin PBXContainerItemProxy section */
		3FD512591E6FAB0600B2F6A9 /* PBXContainerItemProxy */ = {
			isa = PBXContainerItemProxy;
			containerPortal = 3FD5123C1E6FAB0500B2F6A9 /* Project object */;
			proxyType = 1;
			remoteGlobalIDString = 3FD512431E6FAB0500B2F6A9;
			remoteInfo = FoodTracker;
		};
		3FD512641E6FAB0600B2F6A9 /* PBXContainerItemProxy */ = {
			isa = PBXContainerItemProxy;
			containerPortal = 3FD5123C1E6FAB0500B2F6A9 /* Project object */;
			proxyType = 1;
			remoteGlobalIDString = 3FD512431E6FAB0500B2F6A9;
			remoteInfo = FoodTracker;
		};
/* End PBXContainerItemProxy section */

/* Begin PBXFileReference section */
		3FD512441E6FAB0600B2F6A9 /* FoodTracker.app */ = {isa = PBXFileReference; explicitFileType = wrapper.application; includeInIndex = 0; path = FoodTracker.app; sourceTree = BUILT_PRODUCTS_DIR; };
		3FD512471E6FAB0600B2F6A9 /* AppDelegate.swift */ = {isa = PBXFileReference; lastKnownFileType = sourcecode.swift; path = AppDelegate.swift; sourceTree = "<group>"; };
		3FD512491E6FAB0600B2F6A9 /* ViewController.swift */ = {isa = PBXFileReference; lastKnownFileType = sourcecode.swift; path = ViewController.swift; sourceTree = "<group>"; };
		3FD5124C1E6FAB0600B2F6A9 /* Base */ = {isa = PBXFileReference; lastKnownFileType = file.storyboard; name = Base; path = Base.lproj/Main.storyboard; sourceTree = "<group>"; };
		3FD5124E1E6FAB0600B2F6A9 /* Assets.xcassets */ = {isa = PBXFileReference; lastKnownFileType = folder.assetcatalog; path = Assets.xcassets; sourceTree = "<group>"; };
		3FD512511E6FAB0600B2F6A9 /* Base */ = {isa = PBXFileReference; lastKnownFileType = file.storyboard; name = Base; path = Base.lproj/LaunchScreen.storyboard; sourceTree = "<group>"; };
		3FD512531E6FAB0600B2F6A9 /* Info.plist */ = {isa = PBXFileReference; lastKnownFileType = text.plist.xml; path = Info.plist; sourceTree = "<group>"; };
		3FD512581E6FAB0600B2F6A9 /* FoodTrackerTests.xctest */ = {isa = PBXFileReference; explicitFileType = wrapper.cfbundle; includeInIndex = 0; path = FoodTrackerTests.xctest; sourceTree = BUILT_PRODUCTS_DIR; };
		3FD5125C1E6FAB0600B2F6A9 /* FoodTrackerTests.swift */ = {isa = PBXFileReference; lastKnownFileType = sourcecode.swift; path = FoodTrackerTests.swift; sourceTree = "<group>"; };
		3FD5125E1E6FAB0600B2F6A9 /* Info.plist */ = {isa = PBXFileReference; lastKnownFileType = text.plist.xml; path = Info.plist; sourceTree = "<group>"; };
		3FD512631E6FAB0600B2F6A9 /* FoodTrackerUITests.xctest */ = {isa = PBXFileReference; explicitFileType = wrapper.cfbundle; includeInIndex = 0; path = FoodTrackerUITests.xctest; sourceTree = BUILT_PRODUCTS_DIR; };
		3FD512671E6FAB0600B2F6A9 /* FoodTrackerUITests.swift */ = {isa = PBXFileReference; lastKnownFileType = sourcecode.swift; path = FoodTrackerUITests.swift; sourceTree = "<group>"; };
		3FD512691E6FAB0600B2F6A9 /* Info.plist */ = {isa = PBXFileReference; lastKnownFileType = text.plist.xml; path = Info.plist; sourceTree = "<group>"; };
/* End PBXFileReference section */

/* Begin PBXFrameworksBuildPhase section */
		3FD512411E6FAB0500B2F6A9 /* Frameworks */ = {
			isa = PBXFrameworksBuildPhase;
			buildActionMask = 2147483647;
			files = (
			);
			runOnlyForDeploymentPostprocessing = 0;
		};
		3FD512551E6FAB0600B2F6A9 /* Frameworks */ = {
			isa = PBXFrameworksBuildPhase;
			buildActionMask = 2147483647;
			files = (
			);
			runOnlyForDeploymentPostprocessing = 0;
		};
		3FD512601E6FAB0600B2F6A9 /* Frameworks */ = {
			isa = PBXFrameworksBuildPhase;
			buildActionMask = 2147483647;
			files = (
			);
			runOnlyForDeploymentPostprocessing = 0;
		};
/* End PBXFrameworksBuildPhase section */

/* Begin PBXGroup section */
		3FD5123B1E6FAB0500B2F6A9 = {
			isa = PBXGroup;
			children = (
				3FD512461E6FAB0600B2F6A9 /* FoodTracker */,
				3FD5125B1E6FAB0600B2F6A9 /* FoodTrackerTests */,
				3FD512661E6FAB0600B2F6A9 /* FoodTrackerUITests */,
				3FD512451E6FAB0600B2F6A9 /* Products */,
			);
			sourceTree = "<group>";
		};
		3FD512451E6FAB0600B2F6A9 /* Products */ = {
			isa = PBXGroup;
			children = (
				3FD512441E6FAB0600B2F6A9 /* FoodTracker.app */,
				3FD512581E6FAB0600B2F6A9 /* FoodTrackerTests.xctest */,
				3FD512631E6FAB0600B2F6A9 /* FoodTrackerUITests.xctest */,
			);
			name = Products;
			sourceTree = "<group>";
		};
		3FD512461E6FAB0600B2F6A9 /* FoodTracker */ = {
			isa = PBXGroup;
			children = (
				3FD512471E6FAB0600B2F6A9 /* AppDelegate.swift */,
				3FD512491E6FAB0600B2F6A9 /* ViewController.swift */,
				3FD5124B1E6FAB0600B2F6A9 /* Main.storyboard */,
				3FD5124E1E6FAB0600B2F6A9 /* Assets.xcassets */,
				3FD512501E6FAB0600B2F6A9 /* LaunchScreen.storyboard */,
				3FD512531E6FAB0600B2F6A9 /* Info.plist */,
			);
			path = FoodTracker;
			sourceTree = "<group>";
		};
		3FD5125B1E6FAB0600B2F6A9 /* FoodTrackerTests */ = {
			isa = PBXGroup;
			children = (
				3FD5125C1E6FAB0600B2F6A9 /* FoodTrackerTests.swift */,
				3FD5125E1E6FAB0600B2F6A9 /* Info.plist */,
			);
			path = FoodTrackerTests;
			sourceTree = "<group>";
		};
		3FD512661E6FAB0600B2F6A9 /* FoodTrackerUITests */ = {
			isa = PBXGroup;
			children = (
				3FD512671E6FAB0600B2F6A9 /* FoodTrackerUITests.swift */,
				3FD512691E6FAB0600B2F6A9 /* Info.plist */,
			);
			path = FoodTrackerUITests;
			sourceTree = "<group>";
		};
/* End PBXGroup section */

/* Begin PBXNativeTarget section */
		3FD512431E6FAB0500B2F6A9 /* FoodTracker */ = {
			isa = PBXNativeTarget;
			buildConfigurationList = 3FD5126C1E6FAB0600B2F6A9 /* Build configuration list for PBXNativeTarget "FoodTracker" */;
			buildPhases = (
				3FD512401E6FAB0500B2F6A9 /* Sources */,
				3FD512411E6FAB0500B2F6A9 /* Frameworks */,
				3FD512421E6FAB0500B2F6A9 /* Resources */,
			);
			buildRules = (
			);
			dependencies = (
			);
			name = FoodTracker;
			productName = FoodTracker;
			productReference = 3FD512441E6FAB0600B2F6A9 /* FoodTracker.app */;
			productType = "com.apple.product-type.application";
		};
		3FD512571E6FAB0600B2F6A9 /* FoodTrackerTests */ = {
			isa = PBXNativeTarget;
			buildConfigurationList = 3FD5126F1E6FAB0600B2F6A9 /* Build configuration list for PBXNativeTarget "FoodTrackerTests" */;
			buildPhases = (
				3FD512541E6FAB0600B2F6A9 /* Sources */,
				3FD512551E6FAB0600B2F6A9 /* Frameworks */,
				3FD512561E6FAB0600B2F6A9 /* Resources */,
			);
			buildRules = (
			);
			dependencies = (
				3FD5125A1E6FAB0600B2F6A9 /* PBXTargetDependency */,
			);
			name = FoodTrackerTests;
			productName = FoodTrackerTests;
			productReference = 3FD512581E6FAB0600B2F6A9 /* FoodTrackerTests.xctest */;
			productType = "com.apple.product-type.bundle.unit-test";
		};
		3FD512621E6FAB0600B2F6A9 /* FoodTrackerUITests */ = {
			isa = PBXNativeTarget;
			buildConfigurationList = 3FD512721E6FAB0600B2F6A9 /* Build configuration list for PBXNativeTarget "FoodTrackerUITests" */;
			buildPhases = (
				3FD5125F1E6FAB0600B2F6A9 /* Sources */,
				3FD512601E6FAB0600B2F6A9 /* Frameworks */,
				3FD512611E6FAB0600B2F6A9 /* Resources */,
			);
			buildRules = (
			);
			dependencies = (
				3FD512651E6FAB0600B2F6A9 /* PBXTargetDependency */,
			);
			name = FoodTrackerUITests;
			productName = FoodTrackerUITests;
			productReference = 3FD512631E6FAB0600B2F6A9 /* FoodTrackerUITests.xctest */;
			productType = "com.apple.product-type.bundle.ui-testing";
		};
/* End PBXNativeTarget section */

/* Begin PBXProject section */
		3FD5123C1E6FAB0500B2F6A9 /* Project object */ = {
			isa = PBXProject;
			attributes = {
				LastSwiftUpdateCheck = 0820;
				LastUpgradeCheck = 0820;
				ORGANIZATIONNAME = "Asif Ikbal";
				TargetAttributes = {
					3FD512431E6FAB0500B2F6A9 = {
						CreatedOnToolsVersion = 8.2.1;
						ProvisioningStyle = Automatic;
					};
					3FD512571E6FAB0600B2F6A9 = {
						CreatedOnToolsVersion = 8.2.1;
						ProvisioningStyle = Automatic;
						TestTargetID = 3FD512431E6FAB0500B2F6A9;
					};
					3FD512621E6FAB0600B2F6A9 = {
						CreatedOnToolsVersion = 8.2.1;
						ProvisioningStyle = Automatic;
						TestTargetID = 3FD512431E6FAB0500B2F6A9;
					};
				};
			};
			buildConfigurationList = 3FD5123F1E6FAB0500B2F6A9 /* Build configuration list for PBXProject "FoodTracker" */;
			compatibilityVersion = "Xcode 3.2";
			developmentRegion = English;
			hasScannedForEncodings = 0;
			knownRegions = (
				en,
				Base,
			);
			mainGroup = 3FD5123B1E6FAB0500B2F6A9;
			productRefGroup = 3FD512451E6FAB0600B2F6A9 /* Products */;
			projectDirPath = "";
			projectRoot = "";
			targets = (
				3FD512431E6FAB0500B2F6A9 /* FoodTracker */,
				3FD512571E6FAB0600B2F6A9 /* FoodTrackerTests */,
				3FD512621E6FAB0600B2F6A9 /* FoodTrackerUITests */,
			);
		};
/* End PBXProject section */

/* Begin PBXResourcesBuildPhase section */
		3FD512421E6FAB0500B2F6A9 /* Resources */ = {
			isa = PBXResourcesBuildPhase;
			buildActionMask = 2147483647;
			files = (
				3FD512521E6FAB0600B2F6A9 /* LaunchScreen.storyboard in Resources */,
				3FD5124F1E6FAB0600B2F6A9 /* Assets.xcassets in Resources */,
				3FD5124D1E6FAB0600B2F6A9 /* Main.storyboard in Resources */,
			);
			runOnlyForDeploymentPostprocessing = 0;
		};
		3FD512561E6FAB0600B2F6A9 /* Resources */ = {
			isa = PBXResourcesBuildPhase;
			buildActionMask = 2147483647;
			files = (
			);
			runOnlyForDeploymentPostprocessing = 0;
		};
		3FD512611E6FAB0600B2F6A9 /* Resources */ = {
			isa = PBXResourcesBuildPhase;
			buildActionMask = 2147483647;
			files = (
			);
			runOnlyForDeploymentPostprocessing = 0;
		};
/* End PBXResourcesBuildPhase section */

/* Begin PBXSourcesBuildPhase section */
		3FD512401E6FAB0500B2F6A9 /* Sources */ = {
			isa = PBXSourcesBuildPhase;
			buildActionMask = 2147483647;
			files = (
				3FD5124A1E6FAB0600B2F6A9 /* ViewController.swift in Sources */,
				3FD512481E6FAB0600B2F6A9 /* AppDelegate.swift in Sources */,
			);
			runOnlyForDeploymentPostprocessing = 0;
		};
		3FD512541E6FAB0600B2F6A9 /* Sources */ = {
			isa = PBXSourcesBuildPhase;
			buildActionMask = 2147483647;
			files = (
				3FD5125D1E6FAB0600B2F6A9 /* FoodTrackerTests.swift in Sources */,
			);
			runOnlyForDeploymentPostprocessing = 0;
		};
		3FD5125F1E6FAB0600B2F6A9 /* Sources */ = {
			isa = PBXSourcesBuildPhase;
			buildActionMask = 2147483647;
			files = (
				3FD512681E6FAB0600B2F6A9 /* FoodTrackerUITests.swift in Sources */,
			);
			runOnlyForDeploymentPostprocessing = 0;
		};
/* End PBXSourcesBuildPhase section */

/* Begin PBXTargetDependency section */
		3FD5125A1E6FAB0600B2F6A9 /* PBXTargetDependency */ = {
			isa = PBXTargetDependency;
			target = 3FD512431E6FAB0500B2F6A9 /* FoodTracker */;
			targetProxy = 3FD512591E6FAB0600B2F6A9 /* PBXContainerItemProxy */;
		};
		3FD512651E6FAB0600B2F6A9 /* PBXTargetDependency */ = {
			isa = PBXTargetDependency;
			target = 3FD512431E6FAB0500B2F6A9 /* FoodTracker */;
			targetProxy = 3FD512641E6FAB0600B2F6A9 /* PBXContainerItemProxy */;
		};
/* End PBXTargetDependency section */

/* Begin PBXVariantGroup section */
		3FD5124B1E6FAB0600B2F6A9 /* Main.storyboard */ = {
			isa = PBXVariantGroup;
			children = (
				3FD5124C1E6FAB0600B2F6A9 /* Base */,
			);
			name = Main.storyboard;
			sourceTree = "<group>";
		};
		3FD512501E6FAB0600B2F6A9 /* LaunchScreen.storyboard */ = {
			isa = PBXVariantGroup;
			children = (
				3FD512511E6FAB0600B2F6A9 /* Base */,
			);
			name = LaunchScreen.storyboard;
			sourceTree = "<group>";
		};
/* End PBXVariantGroup section */

/* Begin XCBuildConfiguration section */
		3FD5126A1E6FAB0600B2F6A9 /* Debug */ = {
			isa = XCBuildConfiguration;
			buildSettings = {
				ALWAYS_SEARCH_USER_PATHS = NO;
				CLANG_ANALYZER_NONNULL = YES;
				CLANG_CXX_LANGUAGE_STANDARD = "gnu++0x";
				CLANG_CXX_LIBRARY = "libc++";
				CLANG_ENABLE_MODULES = YES;
				CLANG_ENABLE_OBJC_ARC = YES;
				CLANG_WARN_BOOL_CONVERSION = YES;
				CLANG_WARN_CONSTANT_CONVERSION = YES;
				CLANG_WARN_DIRECT_OBJC_ISA_USAGE = YES_ERROR;
				CLANG_WARN_DOCUMENTATION_COMMENTS = YES;
				CLANG_WARN_EMPTY_BODY = YES;
				CLANG_WARN_ENUM_CONVERSION = YES;
				CLANG_WARN_INFINITE_RECURSION = YES;
				CLANG_WARN_INT_CONVERSION = YES;
				CLANG_WARN_OBJC_ROOT_CLASS = YES_ERROR;
				CLANG_WARN_SUSPICIOUS_MOVE = YES;
				CLANG_WARN_UNREACHABLE_CODE = YES;
				CLANG_WARN__DUPLICATE_METHOD_MATCH = YES;
				"CODE_SIGN_IDENTITY[sdk=iphoneos*]" = "iPhone Developer";
				COPY_PHASE_STRIP = NO;
				DEBUG_INFORMATION_FORMAT = dwarf;
				ENABLE_STRICT_OBJC_MSGSEND = YES;
				ENABLE_TESTABILITY = YES;
				GCC_C_LANGUAGE_STANDARD = gnu99;
				GCC_DYNAMIC_NO_PIC = NO;
				GCC_NO_COMMON_BLOCKS = YES;
				GCC_OPTIMIZATION_LEVEL = 0;
				GCC_PREPROCESSOR_DEFINITIONS = (
					"DEBUG=1",
					"$(inherited)",
				);
				GCC_WARN_64_TO_32_BIT_CONVERSION = YES;
				GCC_WARN_ABOUT_RETURN_TYPE = YES_ERROR;
				GCC_WARN_UNDECLARED_SELECTOR = YES;
				GCC_WARN_UNINITIALIZED_AUTOS = YES_AGGRESSIVE;
				GCC_WARN_UNUSED_FUNCTION = YES;
				GCC_WARN_UNUSED_VARIABLE = YES;
				IPHONEOS_DEPLOYMENT_TARGET = 10.2;
				MTL_ENABLE_DEBUG_INFO = YES;
				ONLY_ACTIVE_ARCH = YES;
				SDKROOT = iphoneos;
				SWIFT_ACTIVE_COMPILATION_CONDITIONS = DEBUG;
				SWIFT_OPTIMIZATION_LEVEL = "-Onone";
				TARGETED_DEVICE_FAMILY = "1,2";
			};
			name = Debug;
		};
		3FD5126B1E6FAB0600B2F6A9 /* Release */ = {
			isa = XCBuildConfiguration;
			buildSettings = {
				ALWAYS_SEARCH_USER_PATHS = NO;
				CLANG_ANALYZER_NONNULL = YES;
				CLANG_CXX_LANGUAGE_STANDARD = "gnu++0x";
				CLANG_CXX_LIBRARY = "libc++";
				CLANG_ENABLE_MODULES = YES;
				CLANG_ENABLE_OBJC_ARC = YES;
				CLANG_WARN_BOOL_CONVERSION = YES;
				CLANG_WARN_CONSTANT_CONVERSION = YES;
				CLANG_WARN_DIRECT_OBJC_ISA_USAGE = YES_ERROR;
				CLANG_WARN_DOCUMENTATION_COMMENTS = YES;
				CLANG_WARN_EMPTY_BODY = YES;
				CLANG_WARN_ENUM_CONVERSION = YES;
				CLANG_WARN_INFINITE_RECURSION = YES;
				CLANG_WARN_INT_CONVERSION = YES;
				CLANG_WARN_OBJC_ROOT_CLASS = YES_ERROR;
				CLANG_WARN_SUSPICIOUS_MOVE = YES;
				CLANG_WARN_UNREACHABLE_CODE = YES;
				CLANG_WARN__DUPLICATE_METHOD_MATCH = YES;
				"CODE_SIGN_IDENTITY[sdk=iphoneos*]" = "iPhone Developer";
				COPY_PHASE_STRIP = NO;
				DEBUG_INFORMATION_FORMAT = "dwarf-with-dsym";
				ENABLE_NS_ASSERTIONS = NO;
				ENABLE_STRICT_OBJC_MSGSEND = YES;
				GCC_C_LANGUAGE_STANDARD = gnu99;
				GCC_NO_COMMON_BLOCKS = YES;
				GCC_WARN_64_TO_32_BIT_CONVERSION = YES;
				GCC_WARN_ABOUT_RETURN_TYPE = YES_ERROR;
				GCC_WARN_UNDECLARED_SELECTOR = YES;
				GCC_WARN_UNINITIALIZED_AUTOS = YES_AGGRESSIVE;
				GCC_WARN_UNUSED_FUNCTION = YES;
				GCC_WARN_UNUSED_VARIABLE = YES;
				IPHONEOS_DEPLOYMENT_TARGET = 10.2;
				MTL_ENABLE_DEBUG_INFO = NO;
				SDKROOT = iphoneos;
				SWIFT_OPTIMIZATION_LEVEL = "-Owholemodule";
				TARGETED_DEVICE_FAMILY = "1,2";
				VALIDATE_PRODUCT = YES;
			};
			name = Release;
		};
		3FD5126D1E6FAB0600B2F6A9 /* Debug */ = {
			isa = XCBuildConfiguration;
			buildSettings = {
				ASSETCATALOG_COMPILER_APPICON_NAME = AppIcon;
				INFOPLIST_FILE = FoodTracker/Info.plist;
				LD_RUNPATH_SEARCH_PATHS = "$(inherited) @executable_path/Frameworks";
				PRODUCT_BUNDLE_IDENTIFIER = Shomikoron.FoodTracker;
				PRODUCT_NAME = "$(TARGET_NAME)";
				SWIFT_VERSION = 3.0;
			};
			name = Debug;
		};
		3FD5126E1E6FAB0600B2F6A9 /* Release */ = {
			isa = XCBuildConfiguration;
			buildSettings = {
				ASSETCATALOG_COMPILER_APPICON_NAME = AppIcon;
				INFOPLIST_FILE = FoodTracker/Info.plist;
				LD_RUNPATH_SEARCH_PATHS = "$(inherited) @executable_path/Frameworks";
				PRODUCT_BUNDLE_IDENTIFIER = Shomikoron.FoodTracker;
				PRODUCT_NAME = "$(TARGET_NAME)";
				SWIFT_VERSION = 3.0;
			};
			name = Release;
		};
		3FD512701E6FAB0600B2F6A9 /* Debug */ = {
			isa = XCBuildConfiguration;
			buildSettings = {
				ALWAYS_EMBED_SWIFT_STANDARD_LIBRARIES = YES;
				BUNDLE_LOADER = "$(TEST_HOST)";
				INFOPLIST_FILE = FoodTrackerTests/Info.plist;
				LD_RUNPATH_SEARCH_PATHS = "$(inherited) @executable_path/Frameworks @loader_path/Frameworks";
				PRODUCT_BUNDLE_IDENTIFIER = Shomikoron.FoodTrackerTests;
				PRODUCT_NAME = "$(TARGET_NAME)";
				SWIFT_VERSION = 3.0;
				TEST_HOST = "$(BUILT_PRODUCTS_DIR)/FoodTracker.app/FoodTracker";
			};
			name = Debug;
		};
		3FD512711E6FAB0600B2F6A9 /* Release */ = {
			isa = XCBuildConfiguration;
			buildSettings = {
				ALWAYS_EMBED_SWIFT_STANDARD_LIBRARIES = YES;
				BUNDLE_LOADER = "$(TEST_HOST)";
				INFOPLIST_FILE = FoodTrackerTests/Info.plist;
				LD_RUNPATH_SEARCH_PATHS = "$(inherited) @executable_path/Frameworks @loader_path/Frameworks";
				PRODUCT_BUNDLE_IDENTIFIER = Shomikoron.FoodTrackerTests;
				PRODUCT_NAME = "$(TARGET_NAME)";
				SWIFT_VERSION = 3.0;
				TEST_HOST = "$(BUILT_PRODUCTS_DIR)/FoodTracker.app/FoodTracker";
			};
			name = Release;
		};
		3FD512731E6FAB0600B2F6A9 /* Debug */ = {
			isa = XCBuildConfiguration;
			buildSettings = {
				ALWAYS_EMBED_SWIFT_STANDARD_LIBRARIES = YES;
				INFOPLIST_FILE = FoodTrackerUITests/Info.plist;
				LD_RUNPATH_SEARCH_PATHS = "$(inherited) @executable_path/Frameworks @loader_path/Frameworks";
				PRODUCT_BUNDLE_IDENTIFIER = Shomikoron.FoodTrackerUITests;
				PRODUCT_NAME = "$(TARGET_NAME)";
				SWIFT_VERSION = 3.0;
				TEST_TARGET_NAME = FoodTracker;
			};
			name = Debug;
		};
		3FD512741E6FAB0600B2F6A9 /* Release */ = {
			isa = XCBuildConfiguration;
			buildSettings = {
				ALWAYS_EMBED_SWIFT_STANDARD_LIBRARIES = YES;
				INFOPLIST_FILE = FoodTrackerUITests/Info.plist;
				LD_RUNPATH_SEARCH_PATHS = "$(inherited) @executable_path/Frameworks @loader_path/Frameworks";
				PRODUCT_BUNDLE_IDENTIFIER = Shomikoron.FoodTrackerUITests;
				PRODUCT_NAME = "$(TARGET_NAME)";
				SWIFT_VERSION = 3.0;
				TEST_TARGET_NAME = FoodTracker;
			};
			name = Release;
		};
/* End XCBuildConfiguration section */

/* Begin XCConfigurationList section */
		3FD5123F1E6FAB0500B2F6A9 /* Build configuration list for PBXProject "FoodTracker" */ = {
			isa = XCConfigurationList;
			buildConfigurations = (
				3FD5126A1E6FAB0600B2F6A9 /* Debug */,
				3FD5126B1E6FAB0600B2F6A9 /* Release */,
			);
			defaultConfigurationIsVisible = 0;
			defaultConfigurationName = Release;
		};
		3FD5126C1E6FAB0600B2F6A9 /* Build configuration list for PBXNativeTarget "FoodTracker" */ = {
			isa = XCConfigurationList;
			buildConfigurations = (
				3FD5126D1E6FAB0600B2F6A9 /* Debug */,
				3FD5126E1E6FAB0600B2F6A9 /* Release */,
			);
			defaultConfigurationIsVisible = 0;
		};
		3FD5126F1E6FAB0600B2F6A9 /* Build configuration list for PBXNativeTarget "FoodTrackerTests" */ = {
			isa = XCConfigurationList;
			buildConfigurations = (
				3FD512701E6FAB0600B2F6A9 /* Debug */,
				3FD512711E6FAB0600B2F6A9 /* Release */,
			);
			defaultConfigurationIsVisible = 0;
		};
		3FD512721E6FAB0600B2F6A9 /* Build configuration list for PBXNativeTarget "FoodTrackerUITests" */ = {
			isa = XCConfigurationList;
			buildConfigurations = (
				3FD512731E6FAB0600B2F6A9 /* Debug */,
				3FD512741E6FAB0600B2F6A9 /* Release */,
			);
			defaultConfigurationIsVisible = 0;
		};
/* End XCConfigurationList section */
	};
	rootObject = 3FD5123C1E6FAB0500B2F6A9 /* Project object */;
}
